{
  "name": "@liquid-labs/policy-staff",
  "version": "1.0.0-alpha.3",
  "lockfileVersion": 1,
  "requires": true,
  "dependencies": {
    "@liquid-labs/gucci-wrapper": {
      "version": "1.0.0-alpha.2",
      "resolved": "https://registry.npmjs.org/@liquid-labs/gucci-wrapper/-/gucci-wrapper-1.0.0-alpha.2.tgz",
      "integrity": "sha512-Rp2mNyYRgYoAgEbVDuNcGrAuDuumsRrE3wCSzSDLvrhTFFZCo9wMq3jWN8HA+aq/3vR0ZE+y/0CSY45JEpHT1g==",
      "dev": true
    },
    "@liquid-labs/policies-model": {
      "version": "1.0.0-beta.30",
      "resolved": "https://registry.npmjs.org/@liquid-labs/policies-model/-/policies-model-1.0.0-beta.30.tgz",
      "integrity": "sha512-gd9SVAw9jw0ps89qfNNx/c/NLP5+Q3f/eBc9GaqVb0cMIwG9NY5ThbDz0ENBqqPCCmUwCZbP375FKuhXP6VHXg==",
      "dev": true,
      "requires": {
        "@liquid-labs/gucci-wrapper": "^1.0.0-alpha.2",
        "fs": "0.0.1-security",
        "tsv": "^0.2.0"
      }
    },
    "@liquid-labs/policy-security": {
      "version": "1.0.0-alpha.13",
      "resolved": "https://registry.npmjs.org/@liquid-labs/policy-security/-/policy-security-1.0.0-alpha.13.tgz",
      "integrity": "sha512-Bw8sEWVAQNP9pA1dFzGohfM3WrFSQxJJOKOnANCYuB1wxVQqfMvBBgyp2bCoXo2px46QzeGPrskd72HQssNpyw==",
      "dev": true
    },
    "fs": {
      "version": "0.0.1-security",
      "resolved": "https://registry.npmjs.org/fs/-/fs-0.0.1-security.tgz",
      "integrity": "sha1-invTcYa23d84E/I4WLV+yq9eQdQ=",
      "dev": true
    },
    "tsv": {
      "version": "0.2.0",
      "resolved": "https://registry.npmjs.org/tsv/-/tsv-0.2.0.tgz",
      "integrity": "sha1-koaaPLX1AzLz3JD8qCvmZ9tvctY=",
      "dev": true
    }
  }
}
