{
  "name": "@liquid-labs/policy-staff",
  "version": "1.0.0-alpha.11",
  "lockfileVersion": 2,
  "requires": true,
  "packages": {
    "": {
      "name": "@liquid-labs/policy-staff",
      "version": "1.0.0-alpha.11",
      "license": "UNLICENSED",
      "devDependencies": {
        "@liquid-labs/orgs-model": "^1.0.0-beta.35"
      },
      "peerDependencies": {
        "@liquid-labs/policy-security": "^1.0.0-alpha.3"
      }
    },
    "node_modules/@liquid-labs/condition-eval": {
      "version": "1.0.0-alpha.11",
      "resolved": "https://registry.npmjs.org/@liquid-labs/condition-eval/-/condition-eval-1.0.0-alpha.11.tgz",
      "integrity": "sha512-WcwgjuQje1H2zVe8oZSaDOFAoTRnZlfP08pwMCvcSERf+J1wxky7bAdS7zw8W0dEG90tMO0Ti5Tb4FhUJ8IkqA==",
      "dev": true
    },
    "node_modules/@liquid-labs/federated-json": {
      "version": "1.0.0-alpha.18",
      "resolved": "https://registry.npmjs.org/@liquid-labs/federated-json/-/federated-json-1.0.0-alpha.18.tgz",
      "integrity": "sha512-fkeA+CyEbEpLmVI2QznkW1qKwN38aMMVBlkbVbcLcOqgnyhLBN0IH6Tsj6QY4D44k7pzHKw7MN7xAVS9zF3g1g==",
      "dev": true,
      "bin": {
        "fjson": "dist/fjson.sh"
      }
    },
    "node_modules/@liquid-labs/gucci-wrapper": {
      "version": "1.0.0-alpha.3",
      "resolved": "https://registry.npmjs.org/@liquid-labs/gucci-wrapper/-/gucci-wrapper-1.0.0-alpha.3.tgz",
      "integrity": "sha512-MAGGHOeEkjO1kItTqklM0cCIjLW/sbnf/HDJ2dRhXV/impKFJ9VTuPmybjFU1kg7FyHH9JlpLZXLGtAP1Jum+A==",
      "dev": true,
      "hasInstallScript": true,
      "bin": {
        "gucci": "bin/gucci"
      }
    },
    "node_modules/@liquid-labs/orgs-model": {
      "version": "1.0.0-beta.35",
      "resolved": "https://registry.npmjs.org/@liquid-labs/orgs-model/-/orgs-model-1.0.0-beta.35.tgz",
      "integrity": "sha512-KXfGto98HTFMyDHzZMNZRtrQkjO0Is551jvgruYCnkmXoiC6aCvqXstZNsVyXsiAfV45DTYUr0rwP+GBpVbTSg==",
      "dev": true,
      "dependencies": {
        "@liquid-labs/condition-eval": "^1.0.0-alpha.11",
        "@liquid-labs/federated-json": "^1.0.0-alpha.18",
        "@liquid-labs/gucci-wrapper": "^1.0.0-alpha.3",
        "dotenv": "^10.0.0",
        "fs": "^0.0.2"
      },
      "bin": {
        "liq-gen-glossary": "dist/liq-gen-glossary.sh",
        "liq-gen-make": "bin/liq-gen-make.pl",
        "liq-init-docs": "bin/liq-init-docs.pl",
        "liq-proj-mapper": "bin/liq-proj-mapper.sh",
        "liq-refs-gen": "bin/liq-refs-gen.pl",
        "liq-settings-conv": "bin/liq-settings-conv.pl",
        "liq-standards-filter-abs": "bin/liq-standards-filter-abs.sh",
        "liq-tsv2md": "bin/liq-tsv2md.pl"
      }
    },
    "node_modules/@liquid-labs/policy-security": {
      "version": "1.0.0-alpha.40",
      "resolved": "https://registry.npmjs.org/@liquid-labs/policy-security/-/policy-security-1.0.0-alpha.40.tgz",
      "integrity": "sha512-tIVB8lkVy33EpyvcTym/mgjNOIs3YYgB6YD3k68ZYmDYpFVSx+pk2ifqY71CaplGVmqrCXxhGWMnZnKvvjSbbg==",
      "peer": true
    },
    "node_modules/dotenv": {
      "version": "10.0.0",
      "resolved": "https://registry.npmjs.org/dotenv/-/dotenv-10.0.0.tgz",
      "integrity": "sha512-rlBi9d8jpv9Sf1klPjNfFAuWDjKLwTIJJ/VxtoTwIR6hnZxcEOQCZg2oIL3MWBYw5GpUDKOEnND7LXTbIpQ03Q==",
      "dev": true,
      "engines": {
        "node": ">=10"
      }
    },
    "node_modules/fs": {
      "version": "0.0.2",
      "resolved": "https://registry.npmjs.org/fs/-/fs-0.0.2.tgz",
      "integrity": "sha1-4fJE7zkzwbKmS9R5kTYGDQ9ZFPg=",
      "dev": true
    }
  },
  "dependencies": {
    "@liquid-labs/condition-eval": {
      "version": "1.0.0-alpha.11",
      "resolved": "https://registry.npmjs.org/@liquid-labs/condition-eval/-/condition-eval-1.0.0-alpha.11.tgz",
      "integrity": "sha512-WcwgjuQje1H2zVe8oZSaDOFAoTRnZlfP08pwMCvcSERf+J1wxky7bAdS7zw8W0dEG90tMO0Ti5Tb4FhUJ8IkqA==",
      "dev": true
    },
    "@liquid-labs/federated-json": {
      "version": "1.0.0-alpha.18",
      "resolved": "https://registry.npmjs.org/@liquid-labs/federated-json/-/federated-json-1.0.0-alpha.18.tgz",
      "integrity": "sha512-fkeA+CyEbEpLmVI2QznkW1qKwN38aMMVBlkbVbcLcOqgnyhLBN0IH6Tsj6QY4D44k7pzHKw7MN7xAVS9zF3g1g==",
      "dev": true
    },
    "@liquid-labs/gucci-wrapper": {
      "version": "1.0.0-alpha.3",
      "resolved": "https://registry.npmjs.org/@liquid-labs/gucci-wrapper/-/gucci-wrapper-1.0.0-alpha.3.tgz",
      "integrity": "sha512-MAGGHOeEkjO1kItTqklM0cCIjLW/sbnf/HDJ2dRhXV/impKFJ9VTuPmybjFU1kg7FyHH9JlpLZXLGtAP1Jum+A==",
      "dev": true
    },
    "@liquid-labs/orgs-model": {
      "version": "1.0.0-beta.35",
      "resolved": "https://registry.npmjs.org/@liquid-labs/orgs-model/-/orgs-model-1.0.0-beta.35.tgz",
      "integrity": "sha512-KXfGto98HTFMyDHzZMNZRtrQkjO0Is551jvgruYCnkmXoiC6aCvqXstZNsVyXsiAfV45DTYUr0rwP+GBpVbTSg==",
      "dev": true,
      "requires": {
        "@liquid-labs/condition-eval": "^1.0.0-alpha.11",
        "@liquid-labs/federated-json": "^1.0.0-alpha.18",
        "@liquid-labs/gucci-wrapper": "^1.0.0-alpha.3",
        "dotenv": "^10.0.0",
        "fs": "^0.0.2"
      }
    },
    "@liquid-labs/policy-security": {
      "version": "1.0.0-alpha.40",
      "resolved": "https://registry.npmjs.org/@liquid-labs/policy-security/-/policy-security-1.0.0-alpha.40.tgz",
      "integrity": "sha512-tIVB8lkVy33EpyvcTym/mgjNOIs3YYgB6YD3k68ZYmDYpFVSx+pk2ifqY71CaplGVmqrCXxhGWMnZnKvvjSbbg==",
      "peer": true
    },
    "dotenv": {
      "version": "10.0.0",
      "resolved": "https://registry.npmjs.org/dotenv/-/dotenv-10.0.0.tgz",
      "integrity": "sha512-rlBi9d8jpv9Sf1klPjNfFAuWDjKLwTIJJ/VxtoTwIR6hnZxcEOQCZg2oIL3MWBYw5GpUDKOEnND7LXTbIpQ03Q==",
      "dev": true
    },
    "fs": {
      "version": "0.0.2",
      "resolved": "https://registry.npmjs.org/fs/-/fs-0.0.2.tgz",
      "integrity": "sha1-4fJE7zkzwbKmS9R5kTYGDQ9ZFPg=",
      "dev": true
    }
  }
}
