{
  "name": "@liquid-labs/policy-staff",
  "version": "1.0.0-alpha.9",
  "lockfileVersion": 2,
  "requires": true,
  "packages": {
    "": {
      "name": "@liquid-labs/policy-staff",
      "version": "1.0.0-alpha.9",
      "license": "UNLICENSED",
      "devDependencies": {
        "@liquid-labs/orgs-model": "^1.0.0-beta.28"
      },
      "peerDependencies": {
        "@liquid-labs/policy-security": "^1.0.0-alpha.3"
      }
    },
    "node_modules/@liquid-labs/condition-eval": {
      "version": "1.0.0-alpha.10",
      "resolved": "https://registry.npmjs.org/@liquid-labs/condition-eval/-/condition-eval-1.0.0-alpha.10.tgz",
      "integrity": "sha512-r9ZCLshNL1x5x8QGKYbkXL9W2vraUjbn1seZ8BBuBW5gQyRpoioOauFj+Cm0miwIb0pHn2ZN3P74UuySeVDzTw==",
      "dev": true
    },
    "node_modules/@liquid-labs/federated-json": {
      "version": "1.0.0-alpha.11",
      "resolved": "https://registry.npmjs.org/@liquid-labs/federated-json/-/federated-json-1.0.0-alpha.11.tgz",
      "integrity": "sha512-ChO/dPxGIdPjeOSnyjqZpFBuandwYqBi1/hklcxK4c6gO0bx4bPKaLWv2YJ3fEnKVVHSfAhvxgMZLCV+g9NXmg==",
      "dev": true,
      "bin": {
        "fjson": "dist/fjson.sh"
      }
    },
    "node_modules/@liquid-labs/gucci-wrapper": {
      "version": "1.0.0-alpha.2",
      "resolved": "https://registry.npmjs.org/@liquid-labs/gucci-wrapper/-/gucci-wrapper-1.0.0-alpha.2.tgz",
      "integrity": "sha512-Rp2mNyYRgYoAgEbVDuNcGrAuDuumsRrE3wCSzSDLvrhTFFZCo9wMq3jWN8HA+aq/3vR0ZE+y/0CSY45JEpHT1g==",
      "dev": true,
      "bin": {
        "gucci": "bin/gucci"
      }
    },
    "node_modules/@liquid-labs/orgs-model": {
      "version": "1.0.0-beta.28",
      "resolved": "https://registry.npmjs.org/@liquid-labs/orgs-model/-/orgs-model-1.0.0-beta.28.tgz",
      "integrity": "sha512-dYDavjd8eDyy3ZfjnH0QryVhkjng1fv7VXKOSzPp1/DmObHNe5ORq5waOk1zEs8AS96XGwRw1hvjUTvlBj+Q5Q==",
      "dev": true,
      "dependencies": {
        "@liquid-labs/condition-eval": "^1.0.0-alpha.10",
        "@liquid-labs/federated-json": "^1.0.0-alpha.11",
        "@liquid-labs/gucci-wrapper": "^1.0.0-alpha.2",
        "dotenv": "^8.2.0",
        "fs": "0.0.1-security"
      },
      "bin": {
        "liq-gen-make": "bin/liq-gen-make.pl",
        "liq-init-docs": "bin/liq-init-docs.pl",
        "liq-proj-mapper": "bin/liq-proj-mapper.sh",
        "liq-refs-gen": "bin/liq-refs-gen.pl",
        "liq-settings-conv": "bin/liq-settings-conv.pl",
        "liq-standards-filter-abs": "bin/liq-standards-filter-abs.sh",
        "liq-tsv2md": "bin/liq-tsv2md.pl"
      }
    },
    "node_modules/@liquid-labs/policy-security": {
      "version": "1.0.0-alpha.40",
      "resolved": "https://registry.npmjs.org/@liquid-labs/policy-security/-/policy-security-1.0.0-alpha.40.tgz",
      "integrity": "sha512-tIVB8lkVy33EpyvcTym/mgjNOIs3YYgB6YD3k68ZYmDYpFVSx+pk2ifqY71CaplGVmqrCXxhGWMnZnKvvjSbbg==",
      "peer": true
    },
    "node_modules/dotenv": {
      "version": "8.2.0",
      "resolved": "https://registry.npmjs.org/dotenv/-/dotenv-8.2.0.tgz",
      "integrity": "sha512-8sJ78ElpbDJBHNeBzUbUVLsqKdccaa/BXF1uPTw3GrvQTBgrQrtObr2mUrE38vzYd8cEv+m/JBfDLioYcfXoaw==",
      "dev": true,
      "engines": {
        "node": ">=8"
      }
    },
    "node_modules/fs": {
      "version": "0.0.1-security",
      "resolved": "https://registry.npmjs.org/fs/-/fs-0.0.1-security.tgz",
      "integrity": "sha1-invTcYa23d84E/I4WLV+yq9eQdQ=",
      "dev": true
    }
  },
  "dependencies": {
    "@liquid-labs/condition-eval": {
      "version": "1.0.0-alpha.10",
      "resolved": "https://registry.npmjs.org/@liquid-labs/condition-eval/-/condition-eval-1.0.0-alpha.10.tgz",
      "integrity": "sha512-r9ZCLshNL1x5x8QGKYbkXL9W2vraUjbn1seZ8BBuBW5gQyRpoioOauFj+Cm0miwIb0pHn2ZN3P74UuySeVDzTw==",
      "dev": true
    },
    "@liquid-labs/federated-json": {
      "version": "1.0.0-alpha.11",
      "resolved": "https://registry.npmjs.org/@liquid-labs/federated-json/-/federated-json-1.0.0-alpha.11.tgz",
      "integrity": "sha512-ChO/dPxGIdPjeOSnyjqZpFBuandwYqBi1/hklcxK4c6gO0bx4bPKaLWv2YJ3fEnKVVHSfAhvxgMZLCV+g9NXmg==",
      "dev": true
    },
    "@liquid-labs/gucci-wrapper": {
      "version": "1.0.0-alpha.2",
      "resolved": "https://registry.npmjs.org/@liquid-labs/gucci-wrapper/-/gucci-wrapper-1.0.0-alpha.2.tgz",
      "integrity": "sha512-Rp2mNyYRgYoAgEbVDuNcGrAuDuumsRrE3wCSzSDLvrhTFFZCo9wMq3jWN8HA+aq/3vR0ZE+y/0CSY45JEpHT1g==",
      "dev": true
    },
    "@liquid-labs/orgs-model": {
      "version": "1.0.0-beta.28",
      "resolved": "https://registry.npmjs.org/@liquid-labs/orgs-model/-/orgs-model-1.0.0-beta.28.tgz",
      "integrity": "sha512-dYDavjd8eDyy3ZfjnH0QryVhkjng1fv7VXKOSzPp1/DmObHNe5ORq5waOk1zEs8AS96XGwRw1hvjUTvlBj+Q5Q==",
      "dev": true,
      "requires": {
        "@liquid-labs/condition-eval": "^1.0.0-alpha.10",
        "@liquid-labs/federated-json": "^1.0.0-alpha.11",
        "@liquid-labs/gucci-wrapper": "^1.0.0-alpha.2",
        "dotenv": "^8.2.0",
        "fs": "0.0.1-security"
      }
    },
    "@liquid-labs/policy-security": {
      "version": "1.0.0-alpha.40",
      "resolved": "https://registry.npmjs.org/@liquid-labs/policy-security/-/policy-security-1.0.0-alpha.40.tgz",
      "integrity": "sha512-tIVB8lkVy33EpyvcTym/mgjNOIs3YYgB6YD3k68ZYmDYpFVSx+pk2ifqY71CaplGVmqrCXxhGWMnZnKvvjSbbg==",
      "peer": true
    },
    "dotenv": {
      "version": "8.2.0",
      "resolved": "https://registry.npmjs.org/dotenv/-/dotenv-8.2.0.tgz",
      "integrity": "sha512-8sJ78ElpbDJBHNeBzUbUVLsqKdccaa/BXF1uPTw3GrvQTBgrQrtObr2mUrE38vzYd8cEv+m/JBfDLioYcfXoaw==",
      "dev": true
    },
    "fs": {
      "version": "0.0.1-security",
      "resolved": "https://registry.npmjs.org/fs/-/fs-0.0.1-security.tgz",
      "integrity": "sha1-invTcYa23d84E/I4WLV+yq9eQdQ=",
      "dev": true
    }
  }
}
